
Microsoft Visual Studio Solution File, Format Version 12.00
# Visual Studio 2015
Project("{FAE04EC0-301F-11D3-BF4B-00C04F79EFBC}") = "Scornhorn.CSharp", "Scornhorn.CSharp.csproj", "{84B46221-5923-3DB8-01B7-66203C7A0EF6}"
EndProject
Global
	GlobalSection(SolutionConfigurationPlatforms) = preSolution
		Debug|Any CPU = Debug|Any CPU
		Release|Any CPU = Release|Any CPU
	EndGlobalSection
	GlobalSection(ProjectConfigurationPlatforms) = postSolution
		{84B46221-5923-3DB8-01B7-66203C7A0EF6}.Debug|Any CPU.ActiveCfg = Debug|Any CPU
		{84B46221-5923-3DB8-01B7-66203C7A0EF6}.Debug|Any CPU.Build.0 = Debug|Any CPU
		{84B46221-5923-3DB8-01B7-66203C7A0EF6}.Release|Any CPU.ActiveCfg = Release|Any CPU
		{84B46221-5923-3DB8-01B7-66203C7A0EF6}.Release|Any CPU.Build.0 = Release|Any CPU
	EndGlobalSection
	GlobalSection(SolutionProperties) = preSolution
		HideSolutionNode = FALSE
	EndGlobalSection
EndGlobal
