Microsoft Visual Studio Solution File, Format Version 11.00
# Visual Studio 2008

Project("{63DC0F53-DC40-7A7D-5C25-E00CCD0D0DE5}") = "Scornhorn", "Assembly-CSharp.csproj", "{C998A488-AA7B-ECDD-58B7-8B29520E3697}"
EndProject
Global
	GlobalSection(SolutionConfigurationPlatforms) = preSolution
		Debug|Any CPU = Debug|Any CPU
		Release|Any CPU = Release|Any CPU
	EndGlobalSection
	GlobalSection(ProjectConfigurationPlatforms) = postSolution
		{C998A488-AA7B-ECDD-58B7-8B29520E3697}.Debug|Any CPU.ActiveCfg = Debug|Any CPU
		{C998A488-AA7B-ECDD-58B7-8B29520E3697}.Debug|Any CPU.Build.0 = Debug|Any CPU
		{C998A488-AA7B-ECDD-58B7-8B29520E3697}.Release|Any CPU.ActiveCfg = Release|Any CPU
		{C998A488-AA7B-ECDD-58B7-8B29520E3697}.Release|Any CPU.Build.0 = Release|Any CPU
	EndGlobalSection
	GlobalSection(SolutionProperties) = preSolution
		HideSolutionNode = FALSE
	EndGlobalSection
	GlobalSection(MonoDevelopProperties) = preSolution
		StartupItem = Assembly-CSharp.csproj
	EndGlobalSection
EndGlobal
