
Microsoft Visual Studio Solution File, Format Version 12.00
# Visual Studio 2015
Project("{FAE04EC0-301F-11D3-BF4B-00C04F79EFBC}") = "Tippy's Add-Venture.CSharp", "Tippy's Add-Venture.CSharp.csproj", "{142BB93A-FCE3-B074-4E10-219DE08B5AB9}"
EndProject
Global
	GlobalSection(SolutionConfigurationPlatforms) = preSolution
		Debug|Any CPU = Debug|Any CPU
		Release|Any CPU = Release|Any CPU
	EndGlobalSection
	GlobalSection(ProjectConfigurationPlatforms) = postSolution
		{142BB93A-FCE3-B074-4E10-219DE08B5AB9}.Debug|Any CPU.ActiveCfg = Debug|Any CPU
		{142BB93A-FCE3-B074-4E10-219DE08B5AB9}.Debug|Any CPU.Build.0 = Debug|Any CPU
		{142BB93A-FCE3-B074-4E10-219DE08B5AB9}.Release|Any CPU.ActiveCfg = Release|Any CPU
		{142BB93A-FCE3-B074-4E10-219DE08B5AB9}.Release|Any CPU.Build.0 = Release|Any CPU
	EndGlobalSection
	GlobalSection(SolutionProperties) = preSolution
		HideSolutionNode = FALSE
	EndGlobalSection
EndGlobal
